
Microsoft Visual Studio Solution File, Format Version 12.00
Project("{FAE04EC0-301F-11D3-BF4B-00C04F79EFBC}") = "Snake", "Snake.csproj", "{37F41D3C-C265-42B3-A55C-3C3C87B7DF7D}"
EndProject
Global
	GlobalSection(SolutionConfigurationPlatforms) = preSolution
		Debug|Any CPU = Debug|Any CPU
		Release|Any CPU = Release|Any CPU
	EndGlobalSection
	GlobalSection(ProjectConfigurationPlatforms) = postSolution
		{37F41D3C-C265-42B3-A55C-3C3C87B7DF7D}.Debug|Any CPU.ActiveCfg = Debug|Any CPU
		{37F41D3C-C265-42B3-A55C-3C3C87B7DF7D}.Debug|Any CPU.Build.0 = Debug|Any CPU
		{37F41D3C-C265-42B3-A55C-3C3C87B7DF7D}.Release|Any CPU.ActiveCfg = Release|Any CPU
		{37F41D3C-C265-42B3-A55C-3C3C87B7DF7D}.Release|Any CPU.Build.0 = Release|Any CPU
	EndGlobalSection
EndGlobal
